
Microsoft Visual Studio Solution File, Format Version 12.00
# Visual Studio 2012
Project("{FAE04EC0-301F-11D3-BF4B-00C04F79EFBC}") = "JetCoders.Shared", "Lib\JetCoders.Shared\JetCoders.Shared.csproj", "{5A0817EA-EC4A-43BC-B510-FF58CD49AEE4}"
EndProject
Project("{FAE04EC0-301F-11D3-BF4B-00C04F79EFBC}") = "JetCoders.Forms.UI", "Lib\JetCoders.Forms.UI\JetCoders.Forms.UI.csproj", "{77FB2ED1-B6BE-4425-8B29-51E8565E84EC}"
EndProject
Project("{FAE04EC0-301F-11D3-BF4B-00C04F79EFBC}") = "Connections", "JewelInventory\Connections\Connections.csproj", "{81C613A3-F484-4BB7-9EB2-AA4614A95B0B}"
EndProject
Project("{FAE04EC0-301F-11D3-BF4B-00C04F79EFBC}") = "JewelCatalogue", "JewelInventory\JewelCatalogue\JewelCatalogue.csproj", "{E78E0073-C3CF-4988-B9A9-D9DEC8EFA7E0}"
EndProject
Project("{FAE04EC0-301F-11D3-BF4B-00C04F79EFBC}") = "JewelInventory", "JewelInventory\JewelInventory\JewelInventory.csproj", "{5551986E-8C22-4F03-A341-91B9AB6AD6A9}"
EndProject
Global
	GlobalSection(SolutionConfigurationPlatforms) = preSolution
		Debug - No View Build|Any CPU = Debug - No View Build|Any CPU
		Debug - No View Build|Mixed Platforms = Debug - No View Build|Mixed Platforms
		Debug - No View Build|x86 = Debug - No View Build|x86
		Debug|Any CPU = Debug|Any CPU
		Debug|Mixed Platforms = Debug|Mixed Platforms
		Debug|x86 = Debug|x86
		Release_Development|Any CPU = Release_Development|Any CPU
		Release_Development|Mixed Platforms = Release_Development|Mixed Platforms
		Release_Development|x86 = Release_Development|x86
		Release_Production|Any CPU = Release_Production|Any CPU
		Release_Production|Mixed Platforms = Release_Production|Mixed Platforms
		Release_Production|x86 = Release_Production|x86
		Release_Staging|Any CPU = Release_Staging|Any CPU
		Release_Staging|Mixed Platforms = Release_Staging|Mixed Platforms
		Release_Staging|x86 = Release_Staging|x86
		Release|Any CPU = Release|Any CPU
		Release|Mixed Platforms = Release|Mixed Platforms
		Release|x86 = Release|x86
	EndGlobalSection
	GlobalSection(ProjectConfigurationPlatforms) = postSolution
		{5A0817EA-EC4A-43BC-B510-FF58CD49AEE4}.Debug - No View Build|Any CPU.ActiveCfg = Debug - No View Build|Any CPU
		{5A0817EA-EC4A-43BC-B510-FF58CD49AEE4}.Debug - No View Build|Any CPU.Build.0 = Debug - No View Build|Any CPU
		{5A0817EA-EC4A-43BC-B510-FF58CD49AEE4}.Debug - No View Build|Mixed Platforms.ActiveCfg = Debug - No View Build|Any CPU
		{5A0817EA-EC4A-43BC-B510-FF58CD49AEE4}.Debug - No View Build|Mixed Platforms.Build.0 = Debug - No View Build|Any CPU
		{5A0817EA-EC4A-43BC-B510-FF58CD49AEE4}.Debug - No View Build|x86.ActiveCfg = Debug - No View Build|Any CPU
		{5A0817EA-EC4A-43BC-B510-FF58CD49AEE4}.Debug|Any CPU.ActiveCfg = Debug|Any CPU
		{5A0817EA-EC4A-43BC-B510-FF58CD49AEE4}.Debug|Any CPU.Build.0 = Debug|Any CPU
		{5A0817EA-EC4A-43BC-B510-FF58CD49AEE4}.Debug|Mixed Platforms.ActiveCfg = Debug|Any CPU
		{5A0817EA-EC4A-43BC-B510-FF58CD49AEE4}.Debug|Mixed Platforms.Build.0 = Debug|Any CPU
		{5A0817EA-EC4A-43BC-B510-FF58CD49AEE4}.Debug|x86.ActiveCfg = Debug|Any CPU
		{5A0817EA-EC4A-43BC-B510-FF58CD49AEE4}.Release_Development|Any CPU.ActiveCfg = Release_Development|Any CPU
		{5A0817EA-EC4A-43BC-B510-FF58CD49AEE4}.Release_Development|Any CPU.Build.0 = Release_Development|Any CPU
		{5A0817EA-EC4A-43BC-B510-FF58CD49AEE4}.Release_Development|Mixed Platforms.ActiveCfg = Release_Development|Any CPU
		{5A0817EA-EC4A-43BC-B510-FF58CD49AEE4}.Release_Development|Mixed Platforms.Build.0 = Release_Development|Any CPU
		{5A0817EA-EC4A-43BC-B510-FF58CD49AEE4}.Release_Development|x86.ActiveCfg = Release_Development|Any CPU
		{5A0817EA-EC4A-43BC-B510-FF58CD49AEE4}.Release_Production|Any CPU.ActiveCfg = Release_Production|Any CPU
		{5A0817EA-EC4A-43BC-B510-FF58CD49AEE4}.Release_Production|Any CPU.Build.0 = Release_Production|Any CPU
		{5A0817EA-EC4A-43BC-B510-FF58CD49AEE4}.Release_Production|Mixed Platforms.ActiveCfg = Release_Production|Any CPU
		{5A0817EA-EC4A-43BC-B510-FF58CD49AEE4}.Release_Production|Mixed Platforms.Build.0 = Release_Production|Any CPU
		{5A0817EA-EC4A-43BC-B510-FF58CD49AEE4}.Release_Production|x86.ActiveCfg = Release_Production|Any CPU
		{5A0817EA-EC4A-43BC-B510-FF58CD49AEE4}.Release_Staging|Any CPU.ActiveCfg = Release_Staging|Any CPU
		{5A0817EA-EC4A-43BC-B510-FF58CD49AEE4}.Release_Staging|Any CPU.Build.0 = Release_Staging|Any CPU
		{5A0817EA-EC4A-43BC-B510-FF58CD49AEE4}.Release_Staging|Mixed Platforms.ActiveCfg = Release_Staging|Any CPU
		{5A0817EA-EC4A-43BC-B510-FF58CD49AEE4}.Release_Staging|Mixed Platforms.Build.0 = Release_Staging|Any CPU
		{5A0817EA-EC4A-43BC-B510-FF58CD49AEE4}.Release_Staging|x86.ActiveCfg = Release_Staging|Any CPU
		{5A0817EA-EC4A-43BC-B510-FF58CD49AEE4}.Release|Any CPU.ActiveCfg = Release|Any CPU
		{5A0817EA-EC4A-43BC-B510-FF58CD49AEE4}.Release|Any CPU.Build.0 = Release|Any CPU
		{5A0817EA-EC4A-43BC-B510-FF58CD49AEE4}.Release|Mixed Platforms.ActiveCfg = Release|Any CPU
		{5A0817EA-EC4A-43BC-B510-FF58CD49AEE4}.Release|Mixed Platforms.Build.0 = Release|Any CPU
		{5A0817EA-EC4A-43BC-B510-FF58CD49AEE4}.Release|x86.ActiveCfg = Release|Any CPU
		{77FB2ED1-B6BE-4425-8B29-51E8565E84EC}.Debug - No View Build|Any CPU.ActiveCfg = Debug|Any CPU
		{77FB2ED1-B6BE-4425-8B29-51E8565E84EC}.Debug - No View Build|Any CPU.Build.0 = Debug|Any CPU
		{77FB2ED1-B6BE-4425-8B29-51E8565E84EC}.Debug - No View Build|Mixed Platforms.ActiveCfg = Debug|Any CPU
		{77FB2ED1-B6BE-4425-8B29-51E8565E84EC}.Debug - No View Build|Mixed Platforms.Build.0 = Debug|Any CPU
		{77FB2ED1-B6BE-4425-8B29-51E8565E84EC}.Debug - No View Build|x86.ActiveCfg = Debug|Any CPU
		{77FB2ED1-B6BE-4425-8B29-51E8565E84EC}.Debug|Any CPU.ActiveCfg = Debug|Any CPU
		{77FB2ED1-B6BE-4425-8B29-51E8565E84EC}.Debug|Any CPU.Build.0 = Debug|Any CPU
		{77FB2ED1-B6BE-4425-8B29-51E8565E84EC}.Debug|Mixed Platforms.ActiveCfg = Debug|Any CPU
		{77FB2ED1-B6BE-4425-8B29-51E8565E84EC}.Debug|Mixed Platforms.Build.0 = Debug|Any CPU
		{77FB2ED1-B6BE-4425-8B29-51E8565E84EC}.Debug|x86.ActiveCfg = Debug|Any CPU
		{77FB2ED1-B6BE-4425-8B29-51E8565E84EC}.Release_Development|Any CPU.ActiveCfg = Release|Any CPU
		{77FB2ED1-B6BE-4425-8B29-51E8565E84EC}.Release_Development|Any CPU.Build.0 = Release|Any CPU
		{77FB2ED1-B6BE-4425-8B29-51E8565E84EC}.Release_Development|Mixed Platforms.ActiveCfg = Release|Any CPU
		{77FB2ED1-B6BE-4425-8B29-51E8565E84EC}.Release_Development|Mixed Platforms.Build.0 = Release|Any CPU
		{77FB2ED1-B6BE-4425-8B29-51E8565E84EC}.Release_Development|x86.ActiveCfg = Release|Any CPU
		{77FB2ED1-B6BE-4425-8B29-51E8565E84EC}.Release_Production|Any CPU.ActiveCfg = Release|Any CPU
		{77FB2ED1-B6BE-4425-8B29-51E8565E84EC}.Release_Production|Any CPU.Build.0 = Release|Any CPU
		{77FB2ED1-B6BE-4425-8B29-51E8565E84EC}.Release_Production|Mixed Platforms.ActiveCfg = Release|Any CPU
		{77FB2ED1-B6BE-4425-8B29-51E8565E84EC}.Release_Production|Mixed Platforms.Build.0 = Release|Any CPU
		{77FB2ED1-B6BE-4425-8B29-51E8565E84EC}.Release_Production|x86.ActiveCfg = Release|Any CPU
		{77FB2ED1-B6BE-4425-8B29-51E8565E84EC}.Release_Staging|Any CPU.ActiveCfg = Release|Any CPU
		{77FB2ED1-B6BE-4425-8B29-51E8565E84EC}.Release_Staging|Any CPU.Build.0 = Release|Any CPU
		{77FB2ED1-B6BE-4425-8B29-51E8565E84EC}.Release_Staging|Mixed Platforms.ActiveCfg = Release|Any CPU
		{77FB2ED1-B6BE-4425-8B29-51E8565E84EC}.Release_Staging|Mixed Platforms.Build.0 = Release|Any CPU
		{77FB2ED1-B6BE-4425-8B29-51E8565E84EC}.Release_Staging|x86.ActiveCfg = Release|Any CPU
		{77FB2ED1-B6BE-4425-8B29-51E8565E84EC}.Release|Any CPU.ActiveCfg = Release|Any CPU
		{77FB2ED1-B6BE-4425-8B29-51E8565E84EC}.Release|Any CPU.Build.0 = Release|Any CPU
		{77FB2ED1-B6BE-4425-8B29-51E8565E84EC}.Release|Mixed Platforms.ActiveCfg = Release|Any CPU
		{77FB2ED1-B6BE-4425-8B29-51E8565E84EC}.Release|Mixed Platforms.Build.0 = Release|Any CPU
		{77FB2ED1-B6BE-4425-8B29-51E8565E84EC}.Release|x86.ActiveCfg = Release|Any CPU
		{81C613A3-F484-4BB7-9EB2-AA4614A95B0B}.Debug - No View Build|Any CPU.ActiveCfg = Debug|x86
		{81C613A3-F484-4BB7-9EB2-AA4614A95B0B}.Debug - No View Build|Mixed Platforms.ActiveCfg = Debug|x86
		{81C613A3-F484-4BB7-9EB2-AA4614A95B0B}.Debug - No View Build|Mixed Platforms.Build.0 = Debug|x86
		{81C613A3-F484-4BB7-9EB2-AA4614A95B0B}.Debug - No View Build|x86.ActiveCfg = Debug|x86
		{81C613A3-F484-4BB7-9EB2-AA4614A95B0B}.Debug - No View Build|x86.Build.0 = Debug|x86
		{81C613A3-F484-4BB7-9EB2-AA4614A95B0B}.Debug|Any CPU.ActiveCfg = Debug|x86
		{81C613A3-F484-4BB7-9EB2-AA4614A95B0B}.Debug|Mixed Platforms.ActiveCfg = Debug|x86
		{81C613A3-F484-4BB7-9EB2-AA4614A95B0B}.Debug|Mixed Platforms.Build.0 = Debug|x86
		{81C613A3-F484-4BB7-9EB2-AA4614A95B0B}.Debug|x86.ActiveCfg = Debug|x86
		{81C613A3-F484-4BB7-9EB2-AA4614A95B0B}.Debug|x86.Build.0 = Debug|x86
		{81C613A3-F484-4BB7-9EB2-AA4614A95B0B}.Release_Development|Any CPU.ActiveCfg = Release|x86
		{81C613A3-F484-4BB7-9EB2-AA4614A95B0B}.Release_Development|Mixed Platforms.ActiveCfg = Release|x86
		{81C613A3-F484-4BB7-9EB2-AA4614A95B0B}.Release_Development|Mixed Platforms.Build.0 = Release|x86
		{81C613A3-F484-4BB7-9EB2-AA4614A95B0B}.Release_Development|x86.ActiveCfg = Release|x86
		{81C613A3-F484-4BB7-9EB2-AA4614A95B0B}.Release_Development|x86.Build.0 = Release|x86
		{81C613A3-F484-4BB7-9EB2-AA4614A95B0B}.Release_Production|Any CPU.ActiveCfg = Release|x86
		{81C613A3-F484-4BB7-9EB2-AA4614A95B0B}.Release_Production|Mixed Platforms.ActiveCfg = Release|x86
		{81C613A3-F484-4BB7-9EB2-AA4614A95B0B}.Release_Production|Mixed Platforms.Build.0 = Release|x86
		{81C613A3-F484-4BB7-9EB2-AA4614A95B0B}.Release_Production|x86.ActiveCfg = Release|x86
		{81C613A3-F484-4BB7-9EB2-AA4614A95B0B}.Release_Production|x86.Build.0 = Release|x86
		{81C613A3-F484-4BB7-9EB2-AA4614A95B0B}.Release_Staging|Any CPU.ActiveCfg = Release|x86
		{81C613A3-F484-4BB7-9EB2-AA4614A95B0B}.Release_Staging|Mixed Platforms.ActiveCfg = Release|x86
		{81C613A3-F484-4BB7-9EB2-AA4614A95B0B}.Release_Staging|Mixed Platforms.Build.0 = Release|x86
		{81C613A3-F484-4BB7-9EB2-AA4614A95B0B}.Release_Staging|x86.ActiveCfg = Release|x86
		{81C613A3-F484-4BB7-9EB2-AA4614A95B0B}.Release_Staging|x86.Build.0 = Release|x86
		{81C613A3-F484-4BB7-9EB2-AA4614A95B0B}.Release|Any CPU.ActiveCfg = Release|x86
		{81C613A3-F484-4BB7-9EB2-AA4614A95B0B}.Release|Mixed Platforms.ActiveCfg = Release|x86
		{81C613A3-F484-4BB7-9EB2-AA4614A95B0B}.Release|Mixed Platforms.Build.0 = Release|x86
		{81C613A3-F484-4BB7-9EB2-AA4614A95B0B}.Release|x86.ActiveCfg = Release|x86
		{81C613A3-F484-4BB7-9EB2-AA4614A95B0B}.Release|x86.Build.0 = Release|x86
		{E78E0073-C3CF-4988-B9A9-D9DEC8EFA7E0}.Debug - No View Build|Any CPU.ActiveCfg = Debug|x86
		{E78E0073-C3CF-4988-B9A9-D9DEC8EFA7E0}.Debug - No View Build|Mixed Platforms.ActiveCfg = Debug|x86
		{E78E0073-C3CF-4988-B9A9-D9DEC8EFA7E0}.Debug - No View Build|Mixed Platforms.Build.0 = Debug|x86
		{E78E0073-C3CF-4988-B9A9-D9DEC8EFA7E0}.Debug - No View Build|x86.ActiveCfg = Debug|x86
		{E78E0073-C3CF-4988-B9A9-D9DEC8EFA7E0}.Debug - No View Build|x86.Build.0 = Debug|x86
		{E78E0073-C3CF-4988-B9A9-D9DEC8EFA7E0}.Debug|Any CPU.ActiveCfg = Debug|x86
		{E78E0073-C3CF-4988-B9A9-D9DEC8EFA7E0}.Debug|Mixed Platforms.ActiveCfg = Debug|x86
		{E78E0073-C3CF-4988-B9A9-D9DEC8EFA7E0}.Debug|Mixed Platforms.Build.0 = Debug|x86
		{E78E0073-C3CF-4988-B9A9-D9DEC8EFA7E0}.Debug|x86.ActiveCfg = Debug|x86
		{E78E0073-C3CF-4988-B9A9-D9DEC8EFA7E0}.Debug|x86.Build.0 = Debug|x86
		{E78E0073-C3CF-4988-B9A9-D9DEC8EFA7E0}.Release_Development|Any CPU.ActiveCfg = Release|x86
		{E78E0073-C3CF-4988-B9A9-D9DEC8EFA7E0}.Release_Development|Mixed Platforms.ActiveCfg = Release|x86
		{E78E0073-C3CF-4988-B9A9-D9DEC8EFA7E0}.Release_Development|Mixed Platforms.Build.0 = Release|x86
		{E78E0073-C3CF-4988-B9A9-D9DEC8EFA7E0}.Release_Development|x86.ActiveCfg = Release|x86
		{E78E0073-C3CF-4988-B9A9-D9DEC8EFA7E0}.Release_Development|x86.Build.0 = Release|x86
		{E78E0073-C3CF-4988-B9A9-D9DEC8EFA7E0}.Release_Production|Any CPU.ActiveCfg = Release|x86
		{E78E0073-C3CF-4988-B9A9-D9DEC8EFA7E0}.Release_Production|Mixed Platforms.ActiveCfg = Release|x86
		{E78E0073-C3CF-4988-B9A9-D9DEC8EFA7E0}.Release_Production|Mixed Platforms.Build.0 = Release|x86
		{E78E0073-C3CF-4988-B9A9-D9DEC8EFA7E0}.Release_Production|x86.ActiveCfg = Release|x86
		{E78E0073-C3CF-4988-B9A9-D9DEC8EFA7E0}.Release_Production|x86.Build.0 = Release|x86
		{E78E0073-C3CF-4988-B9A9-D9DEC8EFA7E0}.Release_Staging|Any CPU.ActiveCfg = Release|x86
		{E78E0073-C3CF-4988-B9A9-D9DEC8EFA7E0}.Release_Staging|Mixed Platforms.ActiveCfg = Release|x86
		{E78E0073-C3CF-4988-B9A9-D9DEC8EFA7E0}.Release_Staging|Mixed Platforms.Build.0 = Release|x86
		{E78E0073-C3CF-4988-B9A9-D9DEC8EFA7E0}.Release_Staging|x86.ActiveCfg = Release|x86
		{E78E0073-C3CF-4988-B9A9-D9DEC8EFA7E0}.Release_Staging|x86.Build.0 = Release|x86
		{E78E0073-C3CF-4988-B9A9-D9DEC8EFA7E0}.Release|Any CPU.ActiveCfg = Release|x86
		{E78E0073-C3CF-4988-B9A9-D9DEC8EFA7E0}.Release|Mixed Platforms.ActiveCfg = Release|x86
		{E78E0073-C3CF-4988-B9A9-D9DEC8EFA7E0}.Release|Mixed Platforms.Build.0 = Release|x86
		{E78E0073-C3CF-4988-B9A9-D9DEC8EFA7E0}.Release|x86.ActiveCfg = Release|x86
		{E78E0073-C3CF-4988-B9A9-D9DEC8EFA7E0}.Release|x86.Build.0 = Release|x86
		{5551986E-8C22-4F03-A341-91B9AB6AD6A9}.Debug - No View Build|Any CPU.ActiveCfg = Debug|x86
		{5551986E-8C22-4F03-A341-91B9AB6AD6A9}.Debug - No View Build|Mixed Platforms.ActiveCfg = Debug|x86
		{5551986E-8C22-4F03-A341-91B9AB6AD6A9}.Debug - No View Build|Mixed Platforms.Build.0 = Debug|x86
		{5551986E-8C22-4F03-A341-91B9AB6AD6A9}.Debug - No View Build|x86.ActiveCfg = Debug|x86
		{5551986E-8C22-4F03-A341-91B9AB6AD6A9}.Debug - No View Build|x86.Build.0 = Debug|x86
		{5551986E-8C22-4F03-A341-91B9AB6AD6A9}.Debug|Any CPU.ActiveCfg = Debug|x86
		{5551986E-8C22-4F03-A341-91B9AB6AD6A9}.Debug|Mixed Platforms.ActiveCfg = Debug|x86
		{5551986E-8C22-4F03-A341-91B9AB6AD6A9}.Debug|Mixed Platforms.Build.0 = Debug|x86
		{5551986E-8C22-4F03-A341-91B9AB6AD6A9}.Debug|x86.ActiveCfg = Debug|x86
		{5551986E-8C22-4F03-A341-91B9AB6AD6A9}.Debug|x86.Build.0 = Debug|x86
		{5551986E-8C22-4F03-A341-91B9AB6AD6A9}.Release_Development|Any CPU.ActiveCfg = Release|x86
		{5551986E-8C22-4F03-A341-91B9AB6AD6A9}.Release_Development|Mixed Platforms.ActiveCfg = Release|x86
		{5551986E-8C22-4F03-A341-91B9AB6AD6A9}.Release_Development|Mixed Platforms.Build.0 = Release|x86
		{5551986E-8C22-4F03-A341-91B9AB6AD6A9}.Release_Development|x86.ActiveCfg = Release|x86
		{5551986E-8C22-4F03-A341-91B9AB6AD6A9}.Release_Development|x86.Build.0 = Release|x86
		{5551986E-8C22-4F03-A341-91B9AB6AD6A9}.Release_Production|Any CPU.ActiveCfg = Release|x86
		{5551986E-8C22-4F03-A341-91B9AB6AD6A9}.Release_Production|Mixed Platforms.ActiveCfg = Release|x86
		{5551986E-8C22-4F03-A341-91B9AB6AD6A9}.Release_Production|Mixed Platforms.Build.0 = Release|x86
		{5551986E-8C22-4F03-A341-91B9AB6AD6A9}.Release_Production|x86.ActiveCfg = Release|x86
		{5551986E-8C22-4F03-A341-91B9AB6AD6A9}.Release_Production|x86.Build.0 = Release|x86
		{5551986E-8C22-4F03-A341-91B9AB6AD6A9}.Release_Staging|Any CPU.ActiveCfg = Release|x86
		{5551986E-8C22-4F03-A341-91B9AB6AD6A9}.Release_Staging|Mixed Platforms.ActiveCfg = Release|x86
		{5551986E-8C22-4F03-A341-91B9AB6AD6A9}.Release_Staging|Mixed Platforms.Build.0 = Release|x86
		{5551986E-8C22-4F03-A341-91B9AB6AD6A9}.Release_Staging|x86.ActiveCfg = Release|x86
		{5551986E-8C22-4F03-A341-91B9AB6AD6A9}.Release_Staging|x86.Build.0 = Release|x86
		{5551986E-8C22-4F03-A341-91B9AB6AD6A9}.Release|Any CPU.ActiveCfg = Release|x86
		{5551986E-8C22-4F03-A341-91B9AB6AD6A9}.Release|Mixed Platforms.ActiveCfg = Release|x86
		{5551986E-8C22-4F03-A341-91B9AB6AD6A9}.Release|Mixed Platforms.Build.0 = Release|x86
		{5551986E-8C22-4F03-A341-91B9AB6AD6A9}.Release|x86.ActiveCfg = Release|x86
		{5551986E-8C22-4F03-A341-91B9AB6AD6A9}.Release|x86.Build.0 = Release|x86
	EndGlobalSection
	GlobalSection(SolutionProperties) = preSolution
		HideSolutionNode = FALSE
	EndGlobalSection
EndGlobal
